
Microsoft Visual Studio Solution File, Format Version 12.00
# Visual Studio Version 17
VisualStudioVersion = 17.5.33530.505
MinimumVisualStudioVersion = 10.0.40219.1
Project("{FAE04EC0-301F-11D3-BF4B-00C04F79EFBC}") = "CollectionDemo", "CollectionDemo\CollectionDemo.csproj", "{88B31348-3EAA-468D-AC32-3B0AC3172D8A}"
EndProject
Global
	GlobalSection(SolutionConfigurationPlatforms) = preSolution
		Debug|Any CPU = Debug|Any CPU
		Release|Any CPU = Release|Any CPU
	EndGlobalSection
	GlobalSection(ProjectConfigurationPlatforms) = postSolution
		{88B31348-3EAA-468D-AC32-3B0AC3172D8A}.Debug|Any CPU.ActiveCfg = Debug|Any CPU
		{88B31348-3EAA-468D-AC32-3B0AC3172D8A}.Debug|Any CPU.Build.0 = Debug|Any CPU
		{88B31348-3EAA-468D-AC32-3B0AC3172D8A}.Release|Any CPU.ActiveCfg = Release|Any CPU
		{88B31348-3EAA-468D-AC32-3B0AC3172D8A}.Release|Any CPU.Build.0 = Release|Any CPU
	EndGlobalSection
	GlobalSection(SolutionProperties) = preSolution
		HideSolutionNode = FALSE
	EndGlobalSection
	GlobalSection(ExtensibilityGlobals) = postSolution
		SolutionGuid = {562D1673-8B5E-40D3-B592-106A6B591A55}
	EndGlobalSection
EndGlobal
