
Microsoft Visual Studio Solution File, Format Version 12.00
# Visual Studio Version 17
VisualStudioVersion = 17.5.33530.505
MinimumVisualStudioVersion = 10.0.40219.1
Project("{FAE04EC0-301F-11D3-BF4B-00C04F79EFBC}") = "GenericCollectionsDemo", "GenericCollectionsDemo\GenericCollectionsDemo.csproj", "{BA5B8C28-F5CC-42FC-82E6-BB231D33A57F}"
EndProject
Global
	GlobalSection(SolutionConfigurationPlatforms) = preSolution
		Debug|Any CPU = Debug|Any CPU
		Release|Any CPU = Release|Any CPU
	EndGlobalSection
	GlobalSection(ProjectConfigurationPlatforms) = postSolution
		{BA5B8C28-F5CC-42FC-82E6-BB231D33A57F}.Debug|Any CPU.ActiveCfg = Debug|Any CPU
		{BA5B8C28-F5CC-42FC-82E6-BB231D33A57F}.Debug|Any CPU.Build.0 = Debug|Any CPU
		{BA5B8C28-F5CC-42FC-82E6-BB231D33A57F}.Release|Any CPU.ActiveCfg = Release|Any CPU
		{BA5B8C28-F5CC-42FC-82E6-BB231D33A57F}.Release|Any CPU.Build.0 = Release|Any CPU
	EndGlobalSection
	GlobalSection(SolutionProperties) = preSolution
		HideSolutionNode = FALSE
	EndGlobalSection
	GlobalSection(ExtensibilityGlobals) = postSolution
		SolutionGuid = {FEAB4A1F-37DC-4E4E-AF83-598D9568EE25}
	EndGlobalSection
EndGlobal
