
Microsoft Visual Studio Solution File, Format Version 12.00
# Visual Studio Version 17
VisualStudioVersion = 17.5.33530.505
MinimumVisualStudioVersion = 10.0.40219.1
Project("{FAE04EC0-301F-11D3-BF4B-00C04F79EFBC}") = "addDigits", "addDigits\addDigits.csproj", "{EEF277AA-C97F-44F8-A97B-89F6A4124ACB}"
EndProject
Global
	GlobalSection(SolutionConfigurationPlatforms) = preSolution
		Debug|Any CPU = Debug|Any CPU
		Release|Any CPU = Release|Any CPU
	EndGlobalSection
	GlobalSection(ProjectConfigurationPlatforms) = postSolution
		{EEF277AA-C97F-44F8-A97B-89F6A4124ACB}.Debug|Any CPU.ActiveCfg = Debug|Any CPU
		{EEF277AA-C97F-44F8-A97B-89F6A4124ACB}.Debug|Any CPU.Build.0 = Debug|Any CPU
		{EEF277AA-C97F-44F8-A97B-89F6A4124ACB}.Release|Any CPU.ActiveCfg = Release|Any CPU
		{EEF277AA-C97F-44F8-A97B-89F6A4124ACB}.Release|Any CPU.Build.0 = Release|Any CPU
	EndGlobalSection
	GlobalSection(SolutionProperties) = preSolution
		HideSolutionNode = FALSE
	EndGlobalSection
	GlobalSection(ExtensibilityGlobals) = postSolution
		SolutionGuid = {3EE7E350-2619-4B1A-A8A1-F4A65F9AAA5D}
	EndGlobalSection
EndGlobal
