
Microsoft Visual Studio Solution File, Format Version 12.00
# Visual Studio Version 17
VisualStudioVersion = 17.5.33530.505
MinimumVisualStudioVersion = 10.0.40219.1
Project("{FAE04EC0-301F-11D3-BF4B-00C04F79EFBC}") = "TempConv2", "TempConv2\TempConv2.csproj", "{92825CD7-7500-42D8-B836-8508A32E9664}"
EndProject
Global
	GlobalSection(SolutionConfigurationPlatforms) = preSolution
		Debug|Any CPU = Debug|Any CPU
		Release|Any CPU = Release|Any CPU
	EndGlobalSection
	GlobalSection(ProjectConfigurationPlatforms) = postSolution
		{92825CD7-7500-42D8-B836-8508A32E9664}.Debug|Any CPU.ActiveCfg = Debug|Any CPU
		{92825CD7-7500-42D8-B836-8508A32E9664}.Debug|Any CPU.Build.0 = Debug|Any CPU
		{92825CD7-7500-42D8-B836-8508A32E9664}.Release|Any CPU.ActiveCfg = Release|Any CPU
		{92825CD7-7500-42D8-B836-8508A32E9664}.Release|Any CPU.Build.0 = Release|Any CPU
	EndGlobalSection
	GlobalSection(SolutionProperties) = preSolution
		HideSolutionNode = FALSE
	EndGlobalSection
	GlobalSection(ExtensibilityGlobals) = postSolution
		SolutionGuid = {21249A27-0531-40AB-B92C-CB3967AFC7DF}
	EndGlobalSection
EndGlobal
