
Microsoft Visual Studio Solution File, Format Version 12.00
# Visual Studio Version 17
VisualStudioVersion = 17.5.33530.505
MinimumVisualStudioVersion = 10.0.40219.1
Project("{FAE04EC0-301F-11D3-BF4B-00C04F79EFBC}") = "ConsoleApp1", "ConsoleApp1\ConsoleApp1.csproj", "{299304C7-ACA3-43D0-960F-B9F5958D0247}"
EndProject
Global
	GlobalSection(SolutionConfigurationPlatforms) = preSolution
		Debug|Any CPU = Debug|Any CPU
		Release|Any CPU = Release|Any CPU
	EndGlobalSection
	GlobalSection(ProjectConfigurationPlatforms) = postSolution
		{299304C7-ACA3-43D0-960F-B9F5958D0247}.Debug|Any CPU.ActiveCfg = Debug|Any CPU
		{299304C7-ACA3-43D0-960F-B9F5958D0247}.Debug|Any CPU.Build.0 = Debug|Any CPU
		{299304C7-ACA3-43D0-960F-B9F5958D0247}.Release|Any CPU.ActiveCfg = Release|Any CPU
		{299304C7-ACA3-43D0-960F-B9F5958D0247}.Release|Any CPU.Build.0 = Release|Any CPU
	EndGlobalSection
	GlobalSection(SolutionProperties) = preSolution
		HideSolutionNode = FALSE
	EndGlobalSection
	GlobalSection(ExtensibilityGlobals) = postSolution
		SolutionGuid = {5906917A-C985-49FC-A23B-7A3E7581061A}
	EndGlobalSection
EndGlobal
