
Microsoft Visual Studio Solution File, Format Version 12.00
# Visual Studio Version 17
VisualStudioVersion = 17.5.33530.505
MinimumVisualStudioVersion = 10.0.40219.1
Project("{FAE04EC0-301F-11D3-BF4B-00C04F79EFBC}") = "myStack", "myStack\myStack.csproj", "{DF411A4E-C6D8-432B-9B3A-EBA63EB7AD62}"
EndProject
Global
	GlobalSection(SolutionConfigurationPlatforms) = preSolution
		Debug|Any CPU = Debug|Any CPU
		Release|Any CPU = Release|Any CPU
	EndGlobalSection
	GlobalSection(ProjectConfigurationPlatforms) = postSolution
		{DF411A4E-C6D8-432B-9B3A-EBA63EB7AD62}.Debug|Any CPU.ActiveCfg = Debug|Any CPU
		{DF411A4E-C6D8-432B-9B3A-EBA63EB7AD62}.Debug|Any CPU.Build.0 = Debug|Any CPU
		{DF411A4E-C6D8-432B-9B3A-EBA63EB7AD62}.Release|Any CPU.ActiveCfg = Release|Any CPU
		{DF411A4E-C6D8-432B-9B3A-EBA63EB7AD62}.Release|Any CPU.Build.0 = Release|Any CPU
	EndGlobalSection
	GlobalSection(SolutionProperties) = preSolution
		HideSolutionNode = FALSE
	EndGlobalSection
	GlobalSection(ExtensibilityGlobals) = postSolution
		SolutionGuid = {C9BD2664-4271-4AE6-BA83-EAC74077FA78}
	EndGlobalSection
EndGlobal
