
Microsoft Visual Studio Solution File, Format Version 12.00
# Visual Studio Version 17
VisualStudioVersion = 17.5.33530.505
MinimumVisualStudioVersion = 10.0.40219.1
Project("{9A19103F-16F7-4668-BE54-9A1E7A4F7556}") = "arrayExercise3", "arrayExercise3.csproj", "{03BA8BC0-26F0-42F7-8F2B-D5F343CCFCC7}"
EndProject
Global
	GlobalSection(SolutionConfigurationPlatforms) = preSolution
		Debug|Any CPU = Debug|Any CPU
		Release|Any CPU = Release|Any CPU
	EndGlobalSection
	GlobalSection(ProjectConfigurationPlatforms) = postSolution
		{03BA8BC0-26F0-42F7-8F2B-D5F343CCFCC7}.Debug|Any CPU.ActiveCfg = Debug|Any CPU
		{03BA8BC0-26F0-42F7-8F2B-D5F343CCFCC7}.Debug|Any CPU.Build.0 = Debug|Any CPU
		{03BA8BC0-26F0-42F7-8F2B-D5F343CCFCC7}.Release|Any CPU.ActiveCfg = Release|Any CPU
		{03BA8BC0-26F0-42F7-8F2B-D5F343CCFCC7}.Release|Any CPU.Build.0 = Release|Any CPU
	EndGlobalSection
	GlobalSection(SolutionProperties) = preSolution
		HideSolutionNode = FALSE
	EndGlobalSection
	GlobalSection(ExtensibilityGlobals) = postSolution
		SolutionGuid = {CB361F24-28A1-426D-B055-B7D8E3E556F9}
	EndGlobalSection
EndGlobal
