
Microsoft Visual Studio Solution File, Format Version 12.00
# Visual Studio Version 17
VisualStudioVersion = 17.5.33530.505
MinimumVisualStudioVersion = 10.0.40219.1
Project("{FAE04EC0-301F-11D3-BF4B-00C04F79EFBC}") = "ClassLibrary", "ClassLibrary\ClassLibrary.csproj", "{D6FCCCDB-D45C-498E-A1CD-7A416234ED3B}"
EndProject
Project("{FAE04EC0-301F-11D3-BF4B-00C04F79EFBC}") = "ConsoleApp1", "ConsoleApp1\ConsoleApp1.csproj", "{94481E6F-0CE2-47A2-805E-A0EADE0E8394}"
EndProject
Global
	GlobalSection(SolutionConfigurationPlatforms) = preSolution
		Debug|Any CPU = Debug|Any CPU
		Release|Any CPU = Release|Any CPU
	EndGlobalSection
	GlobalSection(ProjectConfigurationPlatforms) = postSolution
		{D6FCCCDB-D45C-498E-A1CD-7A416234ED3B}.Debug|Any CPU.ActiveCfg = Debug|Any CPU
		{D6FCCCDB-D45C-498E-A1CD-7A416234ED3B}.Debug|Any CPU.Build.0 = Debug|Any CPU
		{D6FCCCDB-D45C-498E-A1CD-7A416234ED3B}.Release|Any CPU.ActiveCfg = Release|Any CPU
		{D6FCCCDB-D45C-498E-A1CD-7A416234ED3B}.Release|Any CPU.Build.0 = Release|Any CPU
		{94481E6F-0CE2-47A2-805E-A0EADE0E8394}.Debug|Any CPU.ActiveCfg = Debug|Any CPU
		{94481E6F-0CE2-47A2-805E-A0EADE0E8394}.Debug|Any CPU.Build.0 = Debug|Any CPU
		{94481E6F-0CE2-47A2-805E-A0EADE0E8394}.Release|Any CPU.ActiveCfg = Release|Any CPU
		{94481E6F-0CE2-47A2-805E-A0EADE0E8394}.Release|Any CPU.Build.0 = Release|Any CPU
	EndGlobalSection
	GlobalSection(SolutionProperties) = preSolution
		HideSolutionNode = FALSE
	EndGlobalSection
	GlobalSection(ExtensibilityGlobals) = postSolution
		SolutionGuid = {2FBEB49F-7B4D-4525-8A25-A95A736015F0}
	EndGlobalSection
EndGlobal
