
Microsoft Visual Studio Solution File, Format Version 12.00
# Visual Studio Version 17
VisualStudioVersion = 17.5.33530.505
MinimumVisualStudioVersion = 10.0.40219.1
Project("{FAE04EC0-301F-11D3-BF4B-00C04F79EFBC}") = "oopDemo", "oopDemo\oopDemo.csproj", "{04044C48-9714-43EA-ACDD-7DAEDD06F3F6}"
EndProject
Global
	GlobalSection(SolutionConfigurationPlatforms) = preSolution
		Debug|Any CPU = Debug|Any CPU
		Release|Any CPU = Release|Any CPU
	EndGlobalSection
	GlobalSection(ProjectConfigurationPlatforms) = postSolution
		{04044C48-9714-43EA-ACDD-7DAEDD06F3F6}.Debug|Any CPU.ActiveCfg = Debug|Any CPU
		{04044C48-9714-43EA-ACDD-7DAEDD06F3F6}.Debug|Any CPU.Build.0 = Debug|Any CPU
		{04044C48-9714-43EA-ACDD-7DAEDD06F3F6}.Release|Any CPU.ActiveCfg = Release|Any CPU
		{04044C48-9714-43EA-ACDD-7DAEDD06F3F6}.Release|Any CPU.Build.0 = Release|Any CPU
	EndGlobalSection
	GlobalSection(SolutionProperties) = preSolution
		HideSolutionNode = FALSE
	EndGlobalSection
	GlobalSection(ExtensibilityGlobals) = postSolution
		SolutionGuid = {300BAEE5-B889-4E17-B51C-2ADB00E5C86B}
	EndGlobalSection
EndGlobal
